{
  "object": {
    "pins": [
      {
        "package": "Datable",
        "repositoryURL": "https://github.com/OperatorFoundation/Datable",
        "state": {
          "branch": null,
          "revision": "1c23f2b72d0d0cf4386fad05f8a5db4b91e8d304",
          "version": "3.0.2"
        }
      },
      {
        "package": "SwiftQueue",
        "repositoryURL": "https://github.com/OperatorFoundation/SwiftQueue",
        "state": {
          "branch": null,
          "revision": "eaa39c586fddb49ad1e0e8b5b3e9b0aaf0b3be82",
          "version": "0.1.0"
        }
      }
    ]
  },
  "version": 1
}
