{
  "object": {
    "pins": [
      {
        "package": "Datable",
        "repositoryURL": "https://github.com/OperatorFoundation/Datable",
        "state": {
          "branch": null,
          "revision": "59dfd564b1d0e69313cb13ce87adc4ea2281df79",
          "version": "3.1.1"
        }
      },
      {
        "package": "SwiftQueue",
        "repositoryURL": "https://github.com/OperatorFoundation/SwiftQueue",
        "state": {
          "branch": null,
          "revision": "22f628f3208be8e70c06e9577913e56177c47702",
          "version": "0.1.1"
        }
      }
    ]
  },
  "version": 1
}
